
Microsoft Visual Studio Solution File, Format Version 12.00
# Visual Studio Version 17
VisualStudioVersion = 17.9.34728.123
MinimumVisualStudioVersion = 10.0.40219.1
Project("{FAE04EC0-301F-11D3-BF4B-00C04F79EFBC}") = "EstruturaCondicional", "EstruturaCondicional\EstruturaCondicional.csproj", "{9C3ACC79-8C41-4FAB-AE17-8E40282B384A}"
EndProject
Global
	GlobalSection(SolutionConfigurationPlatforms) = preSolution
		Debug|Any CPU = Debug|Any CPU
		Release|Any CPU = Release|Any CPU
	EndGlobalSection
	GlobalSection(ProjectConfigurationPlatforms) = postSolution
		{9C3ACC79-8C41-4FAB-AE17-8E40282B384A}.Debug|Any CPU.ActiveCfg = Debug|Any CPU
		{9C3ACC79-8C41-4FAB-AE17-8E40282B384A}.Debug|Any CPU.Build.0 = Debug|Any CPU
		{9C3ACC79-8C41-4FAB-AE17-8E40282B384A}.Release|Any CPU.ActiveCfg = Release|Any CPU
		{9C3ACC79-8C41-4FAB-AE17-8E40282B384A}.Release|Any CPU.Build.0 = Release|Any CPU
	EndGlobalSection
	GlobalSection(SolutionProperties) = preSolution
		HideSolutionNode = FALSE
	EndGlobalSection
	GlobalSection(ExtensibilityGlobals) = postSolution
		SolutionGuid = {A3190537-B234-40B8-8A7F-A10C79BCBC0F}
	EndGlobalSection
EndGlobal
